
Microsoft Visual Studio Solution File, Format Version 12.00
# Visual Studio Version 17
VisualStudioVersion = 17.7.34221.43
MinimumVisualStudioVersion = 10.0.40219.1
Project("{8BC9CEB8-8B4A-11D0-8D11-00A0C91BC942}") = "Visualizerr", "Visualizerr.vcxproj", "{7FD90E16-7CB9-492C-AC91-3FC600AAC05D}"
EndProject
Project("{8BC9CEB8-8B4A-11D0-8D11-00A0C91BC942}") = "Geometry", "Geometry\Geometry.vcxproj", "{764D9595-7A4A-4571-95BE-301B1625365E}"
EndProject
Project("{8BC9CEB8-8B4A-11D0-8D11-00A0C91BC942}") = "Bezier", "Bezier\Bezier.vcxproj", "{8165DF19-53C3-4DF5-B7FE-038E7BED924C}"
EndProject
Project("{8BC9CEB8-8B4A-11D0-8D11-00A0C91BC942}") = "Hermite", "Hermite\Hermite.vcxproj", "{1E6571C8-605F-480D-993F-C24938CBA5E8}"
EndProject
Global
	GlobalSection(SolutionConfigurationPlatforms) = preSolution
		Debug|x64 = Debug|x64
		Debug|x86 = Debug|x86
		Release|x64 = Release|x64
		Release|x86 = Release|x86
	EndGlobalSection
	GlobalSection(ProjectConfigurationPlatforms) = postSolution
		{7FD90E16-7CB9-492C-AC91-3FC600AAC05D}.Debug|x64.ActiveCfg = Debug|x64
		{7FD90E16-7CB9-492C-AC91-3FC600AAC05D}.Debug|x64.Build.0 = Debug|x64
		{7FD90E16-7CB9-492C-AC91-3FC600AAC05D}.Debug|x86.ActiveCfg = Debug|x64
		{7FD90E16-7CB9-492C-AC91-3FC600AAC05D}.Debug|x86.Build.0 = Debug|x64
		{7FD90E16-7CB9-492C-AC91-3FC600AAC05D}.Release|x64.ActiveCfg = Release|x64
		{7FD90E16-7CB9-492C-AC91-3FC600AAC05D}.Release|x64.Build.0 = Release|x64
		{7FD90E16-7CB9-492C-AC91-3FC600AAC05D}.Release|x86.ActiveCfg = Release|x64
		{7FD90E16-7CB9-492C-AC91-3FC600AAC05D}.Release|x86.Build.0 = Release|x64
		{764D9595-7A4A-4571-95BE-301B1625365E}.Debug|x64.ActiveCfg = Debug|x64
		{764D9595-7A4A-4571-95BE-301B1625365E}.Debug|x64.Build.0 = Debug|x64
		{764D9595-7A4A-4571-95BE-301B1625365E}.Debug|x86.ActiveCfg = Debug|Win32
		{764D9595-7A4A-4571-95BE-301B1625365E}.Debug|x86.Build.0 = Debug|Win32
		{764D9595-7A4A-4571-95BE-301B1625365E}.Release|x64.ActiveCfg = Release|x64
		{764D9595-7A4A-4571-95BE-301B1625365E}.Release|x64.Build.0 = Release|x64
		{764D9595-7A4A-4571-95BE-301B1625365E}.Release|x86.ActiveCfg = Release|Win32
		{764D9595-7A4A-4571-95BE-301B1625365E}.Release|x86.Build.0 = Release|Win32
		{8165DF19-53C3-4DF5-B7FE-038E7BED924C}.Debug|x64.ActiveCfg = Debug|x64
		{8165DF19-53C3-4DF5-B7FE-038E7BED924C}.Debug|x64.Build.0 = Debug|x64
		{8165DF19-53C3-4DF5-B7FE-038E7BED924C}.Debug|x86.ActiveCfg = Debug|Win32
		{8165DF19-53C3-4DF5-B7FE-038E7BED924C}.Debug|x86.Build.0 = Debug|Win32
		{8165DF19-53C3-4DF5-B7FE-038E7BED924C}.Release|x64.ActiveCfg = Release|x64
		{8165DF19-53C3-4DF5-B7FE-038E7BED924C}.Release|x64.Build.0 = Release|x64
		{8165DF19-53C3-4DF5-B7FE-038E7BED924C}.Release|x86.ActiveCfg = Release|Win32
		{8165DF19-53C3-4DF5-B7FE-038E7BED924C}.Release|x86.Build.0 = Release|Win32
		{1E6571C8-605F-480D-993F-C24938CBA5E8}.Debug|x64.ActiveCfg = Debug|x64
		{1E6571C8-605F-480D-993F-C24938CBA5E8}.Debug|x64.Build.0 = Debug|x64
		{1E6571C8-605F-480D-993F-C24938CBA5E8}.Debug|x86.ActiveCfg = Debug|Win32
		{1E6571C8-605F-480D-993F-C24938CBA5E8}.Debug|x86.Build.0 = Debug|Win32
		{1E6571C8-605F-480D-993F-C24938CBA5E8}.Release|x64.ActiveCfg = Release|x64
		{1E6571C8-605F-480D-993F-C24938CBA5E8}.Release|x64.Build.0 = Release|x64
		{1E6571C8-605F-480D-993F-C24938CBA5E8}.Release|x86.ActiveCfg = Release|Win32
		{1E6571C8-605F-480D-993F-C24938CBA5E8}.Release|x86.Build.0 = Release|Win32
	EndGlobalSection
	GlobalSection(SolutionProperties) = preSolution
		HideSolutionNode = FALSE
	EndGlobalSection
	GlobalSection(ExtensibilityGlobals) = postSolution
		SolutionGuid = {596A9727-54FB-4D35-8A11-377BA95F7AA1}
	EndGlobalSection
EndGlobal
